
Microsoft Visual Studio Solution File, Format Version 12.00
# Visual Studio Version 16
VisualStudioVersion = 16.0.30309.148
MinimumVisualStudioVersion = 10.0.40219.1
Project("{FAE04EC0-301F-11D3-BF4B-00C04F79EFBC}") = "RealEstateAgency", "RealEstateAgency\RealEstateAgency.csproj", "{BF38C84D-F758-446F-8197-6C00279270F3}"
EndProject
Global
	GlobalSection(SolutionConfigurationPlatforms) = preSolution
		Debug|Any CPU = Debug|Any CPU
		Release|Any CPU = Release|Any CPU
	EndGlobalSection
	GlobalSection(ProjectConfigurationPlatforms) = postSolution
		{BF38C84D-F758-446F-8197-6C00279270F3}.Debug|Any CPU.ActiveCfg = Debug|Any CPU
		{BF38C84D-F758-446F-8197-6C00279270F3}.Debug|Any CPU.Build.0 = Debug|Any CPU
		{BF38C84D-F758-446F-8197-6C00279270F3}.Release|Any CPU.ActiveCfg = Release|Any CPU
		{BF38C84D-F758-446F-8197-6C00279270F3}.Release|Any CPU.Build.0 = Release|Any CPU
	EndGlobalSection
	GlobalSection(SolutionProperties) = preSolution
		HideSolutionNode = FALSE
	EndGlobalSection
	GlobalSection(ExtensibilityGlobals) = postSolution
		SolutionGuid = {ADFD2E31-D399-476D-9565-D36E1ECE5556}
	EndGlobalSection
EndGlobal
